
Microsoft Visual Studio Solution File, Format Version 12.00
# Visual Studio Version 17
VisualStudioVersion = 17.2.32630.192
MinimumVisualStudioVersion = 10.0.40219.1
Project("{8BC9CEB8-8B4A-11D0-8D11-00A0C91BC942}") = "Victim", "Victim.vcxproj", "{422EEAE0-6C3D-4BFF-817F-98B9A7303384}"
EndProject
Project("{8BC9CEB8-8B4A-11D0-8D11-00A0C91BC942}") = "Hooker", "..\Hooker\Hooker.vcxproj", "{CB90EDA4-E8E7-485C-B6C7-92C10434B319}"
EndProject
Project("{8BC9CEB8-8B4A-11D0-8D11-00A0C91BC942}") = "Injector", "..\Injector\Injector.vcxproj", "{C592154F-3292-4D8A-8145-CF7A8264022F}"
EndProject
Global
	GlobalSection(SolutionConfigurationPlatforms) = preSolution
		Debug|x64 = Debug|x64
		Debug|x86 = Debug|x86
		Release|x64 = Release|x64
		Release|x86 = Release|x86
	EndGlobalSection
	GlobalSection(ProjectConfigurationPlatforms) = postSolution
		{422EEAE0-6C3D-4BFF-817F-98B9A7303384}.Debug|x64.ActiveCfg = Debug|x64
		{422EEAE0-6C3D-4BFF-817F-98B9A7303384}.Debug|x64.Build.0 = Debug|x64
		{422EEAE0-6C3D-4BFF-817F-98B9A7303384}.Debug|x86.ActiveCfg = Debug|Win32
		{422EEAE0-6C3D-4BFF-817F-98B9A7303384}.Debug|x86.Build.0 = Debug|Win32
		{422EEAE0-6C3D-4BFF-817F-98B9A7303384}.Release|x64.ActiveCfg = Release|x64
		{422EEAE0-6C3D-4BFF-817F-98B9A7303384}.Release|x64.Build.0 = Release|x64
		{422EEAE0-6C3D-4BFF-817F-98B9A7303384}.Release|x86.ActiveCfg = Release|Win32
		{422EEAE0-6C3D-4BFF-817F-98B9A7303384}.Release|x86.Build.0 = Release|Win32
		{CB90EDA4-E8E7-485C-B6C7-92C10434B319}.Debug|x64.ActiveCfg = Debug|x64
		{CB90EDA4-E8E7-485C-B6C7-92C10434B319}.Debug|x64.Build.0 = Debug|x64
		{CB90EDA4-E8E7-485C-B6C7-92C10434B319}.Debug|x86.ActiveCfg = Debug|Win32
		{CB90EDA4-E8E7-485C-B6C7-92C10434B319}.Debug|x86.Build.0 = Debug|Win32
		{CB90EDA4-E8E7-485C-B6C7-92C10434B319}.Release|x64.ActiveCfg = Release|x64
		{CB90EDA4-E8E7-485C-B6C7-92C10434B319}.Release|x64.Build.0 = Release|x64
		{CB90EDA4-E8E7-485C-B6C7-92C10434B319}.Release|x86.ActiveCfg = Release|Win32
		{CB90EDA4-E8E7-485C-B6C7-92C10434B319}.Release|x86.Build.0 = Release|Win32
		{C592154F-3292-4D8A-8145-CF7A8264022F}.Debug|x64.ActiveCfg = Debug|x64
		{C592154F-3292-4D8A-8145-CF7A8264022F}.Debug|x64.Build.0 = Debug|x64
		{C592154F-3292-4D8A-8145-CF7A8264022F}.Debug|x86.ActiveCfg = Debug|Win32
		{C592154F-3292-4D8A-8145-CF7A8264022F}.Debug|x86.Build.0 = Debug|Win32
		{C592154F-3292-4D8A-8145-CF7A8264022F}.Release|x64.ActiveCfg = Release|x64
		{C592154F-3292-4D8A-8145-CF7A8264022F}.Release|x64.Build.0 = Release|x64
		{C592154F-3292-4D8A-8145-CF7A8264022F}.Release|x86.ActiveCfg = Release|Win32
		{C592154F-3292-4D8A-8145-CF7A8264022F}.Release|x86.Build.0 = Release|Win32
	EndGlobalSection
	GlobalSection(SolutionProperties) = preSolution
		HideSolutionNode = FALSE
	EndGlobalSection
	GlobalSection(ExtensibilityGlobals) = postSolution
		SolutionGuid = {A64CF223-C7B4-497F-AD29-E0283C0EEF06}
	EndGlobalSection
EndGlobal
